
Microsoft Visual Studio Solution File, Format Version 11.00
# Visual Studio 2010
Project("{FAE04EC0-301F-11D3-BF4B-00C04F79EFBC}") = "Assembly-CSharp", "Assembly-CSharp.csproj", "{F269581A-3B05-93DF-BD58-3DF5777373CC}"
EndProject
Project("{FAE04EC0-301F-11D3-BF4B-00C04F79EFBC}") = "Assembly-CSharp-Editor", "Assembly-CSharp-Editor.csproj", "{A978EE7D-6B73-4EFB-25B6-ECE665F9912E}"
EndProject
Global
	GlobalSection(SolutionConfigurationPlatforms) = preSolution
		Debug|Any CPU = Debug|Any CPU
		Release|Any CPU = Release|Any CPU
	EndGlobalSection
	GlobalSection(ProjectConfigurationPlatforms) = postSolution
		{F269581A-3B05-93DF-BD58-3DF5777373CC}.Debug|Any CPU.ActiveCfg = Debug|Any CPU
		{F269581A-3B05-93DF-BD58-3DF5777373CC}.Debug|Any CPU.Build.0 = Debug|Any CPU
		{F269581A-3B05-93DF-BD58-3DF5777373CC}.Release|Any CPU.ActiveCfg = Release|Any CPU
		{F269581A-3B05-93DF-BD58-3DF5777373CC}.Release|Any CPU.Build.0 = Release|Any CPU
		{A978EE7D-6B73-4EFB-25B6-ECE665F9912E}.Debug|Any CPU.ActiveCfg = Debug|Any CPU
		{A978EE7D-6B73-4EFB-25B6-ECE665F9912E}.Debug|Any CPU.Build.0 = Debug|Any CPU
		{A978EE7D-6B73-4EFB-25B6-ECE665F9912E}.Release|Any CPU.ActiveCfg = Release|Any CPU
		{A978EE7D-6B73-4EFB-25B6-ECE665F9912E}.Release|Any CPU.Build.0 = Release|Any CPU
	EndGlobalSection
	GlobalSection(SolutionProperties) = preSolution
		HideSolutionNode = FALSE
	EndGlobalSection
	GlobalSection(MonoDevelopProperties) = preSolution
		StartupItem = Assembly-CSharp.csproj
	EndGlobalSection
EndGlobal
